// !$*UTF8*$!
{
	archiveVersion = 1;
	classes = {
	};
	objectVersion = 56;
	objects = {

/* Begin PBXBuildFile section */
		020AA7B22A015F7C001B1335 /* FolderBackupAppApp.swift in Sources */ = {isa = PBXBuildFile; fileRef = 020AA7B12A015F7C001B1335 /* FolderBackupAppApp.swift */; };
		020AA7B42A015F7C001B1335 /* ContentView.swift in Sources */ = {isa = PBXBuildFile; fileRef = 020AA7B32A015F7C001B1335 /* ContentView.swift */; };
		020AA7B62A015F7E001B1335 /* Assets.xcassets in Resources */ = {isa = PBXBuildFile; fileRef = 020AA7B52A015F7E001B1335 /* Assets.xcassets */; };
		020AA7B92A015F7E001B1335 /* Preview Assets.xcassets in Resources */ = {isa = PBXBuildFile; fileRef = 020AA7B82A015F7E001B1335 /* Preview Assets.xcassets */; };
		020AA7C42A015F7E001B1335 /* FolderBackupAppTests.swift in Sources */ = {isa = PBXBuildFile; fileRef = 020AA7C32A015F7E001B1335 /* FolderBackupAppTests.swift */; };
		020AA7CE2A015F7E001B1335 /* FolderBackupAppUITests.swift in Sources */ = {isa = PBXBuildFile; fileRef = 020AA7CD2A015F7E001B1335 /* FolderBackupAppUITests.swift */; };
		020AA7D02A015F7E001B1335 /* FolderBackupAppUITestsLaunchTests.swift in Sources */ = {isa = PBXBuildFile; fileRef = 020AA7CF2A015F7E001B1335 /* FolderBackupAppUITestsLaunchTests.swift */; };
		020AA7DE2A0161A0001B1335 /* ZIPFoundation in Frameworks */ = {isa = PBXBuildFile; productRef = 020AA7DD2A0161A0001B1335 /* ZIPFoundation */; };
		027899ED2A0205B700D16CAC /* info.plist in Resources */ = {isa = PBXBuildFile; fileRef = 027899EC2A0205B700D16CAC /* info.plist */; };
/* End PBXBuildFile section */

/* Begin PBXContainerItemProxy section */
		020AA7C02A015F7E001B1335 /* PBXContainerItemProxy */ = {
			isa = PBXContainerItemProxy;
			containerPortal = 020AA7A62A015F7C001B1335 /* Project object */;
			proxyType = 1;
			remoteGlobalIDString = 020AA7AD2A015F7C001B1335;
			remoteInfo = FolderBackupApp;
		};
		020AA7CA2A015F7E001B1335 /* PBXContainerItemProxy */ = {
			isa = PBXContainerItemProxy;
			containerPortal = 020AA7A62A015F7C001B1335 /* Project object */;
			proxyType = 1;
			remoteGlobalIDString = 020AA7AD2A015F7C001B1335;
			remoteInfo = FolderBackupApp;
		};
/* End PBXContainerItemProxy section */

/* Begin PBXFileReference section */
		020AA7AE2A015F7C001B1335 /* FolderBackupApp.app */ = {isa = PBXFileReference; explicitFileType = wrapper.application; includeInIndex = 0; path = FolderBackupApp.app; sourceTree = BUILT_PRODUCTS_DIR; };
		020AA7B12A015F7C001B1335 /* FolderBackupAppApp.swift */ = {isa = PBXFileReference; lastKnownFileType = sourcecode.swift; path = FolderBackupAppApp.swift; sourceTree = "<group>"; };
		020AA7B32A015F7C001B1335 /* ContentView.swift */ = {isa = PBXFileReference; lastKnownFileType = sourcecode.swift; path = ContentView.swift; sourceTree = "<group>"; };
		020AA7B52A015F7E001B1335 /* Assets.xcassets */ = {isa = PBXFileReference; lastKnownFileType = folder.assetcatalog; path = Assets.xcassets; sourceTree = "<group>"; };
		020AA7B82A015F7E001B1335 /* Preview Assets.xcassets */ = {isa = PBXFileReference; lastKnownFileType = folder.assetcatalog; path = "Preview Assets.xcassets"; sourceTree = "<group>"; };
		020AA7BA2A015F7E001B1335 /* FolderBackupApp.entitlements */ = {isa = PBXFileReference; lastKnownFileType = text.plist.entitlements; path = FolderBackupApp.entitlements; sourceTree = "<group>"; };
		020AA7BF2A015F7E001B1335 /* FolderBackupAppTests.xctest */ = {isa = PBXFileReference; explicitFileType = wrapper.cfbundle; includeInIndex = 0; path = FolderBackupAppTests.xctest; sourceTree = BUILT_PRODUCTS_DIR; };
		020AA7C32A015F7E001B1335 /* FolderBackupAppTests.swift */ = {isa = PBXFileReference; lastKnownFileType = sourcecode.swift; path = FolderBackupAppTests.swift; sourceTree = "<group>"; };
		020AA7C92A015F7E001B1335 /* FolderBackupAppUITests.xctest */ = {isa = PBXFileReference; explicitFileType = wrapper.cfbundle; includeInIndex = 0; path = FolderBackupAppUITests.xctest; sourceTree = BUILT_PRODUCTS_DIR; };
		020AA7CD2A015F7E001B1335 /* FolderBackupAppUITests.swift */ = {isa = PBXFileReference; lastKnownFileType = sourcecode.swift; path = FolderBackupAppUITests.swift; sourceTree = "<group>"; };
		020AA7CF2A015F7E001B1335 /* FolderBackupAppUITestsLaunchTests.swift */ = {isa = PBXFileReference; lastKnownFileType = sourcecode.swift; path = FolderBackupAppUITestsLaunchTests.swift; sourceTree = "<group>"; };
		027899EC2A0205B700D16CAC /* info.plist */ = {isa = PBXFileReference; lastKnownFileType = text.plist.xml; path = info.plist; sourceTree = "<group>"; };
/* End PBXFileReference section */

/* Begin PBXFrameworksBuildPhase section */
		020AA7AB2A015F7C001B1335 /* Frameworks */ = {
			isa = PBXFrameworksBuildPhase;
			buildActionMask = 2147483647;
			files = (
				020AA7DE2A0161A0001B1335 /* ZIPFoundation in Frameworks */,
			);
			runOnlyForDeploymentPostprocessing = 0;
		};
		020AA7BC2A015F7E001B1335 /* Frameworks */ = {
			isa = PBXFrameworksBuildPhase;
			buildActionMask = 2147483647;
			files = (
			);
			runOnlyForDeploymentPostprocessing = 0;
		};
		020AA7C62A015F7E001B1335 /* Frameworks */ = {
			isa = PBXFrameworksBuildPhase;
			buildActionMask = 2147483647;
			files = (
			);
			runOnlyForDeploymentPostprocessing = 0;
		};
/* End PBXFrameworksBuildPhase section */

/* Begin PBXGroup section */
		020AA7A52A015F7C001B1335 = {
			isa = PBXGroup;
			children = (
				020AA7B02A015F7C001B1335 /* FolderBackupApp */,
				020AA7C22A015F7E001B1335 /* FolderBackupAppTests */,
				020AA7CC2A015F7E001B1335 /* FolderBackupAppUITests */,
				020AA7AF2A015F7C001B1335 /* Products */,
			);
			sourceTree = "<group>";
		};
		020AA7AF2A015F7C001B1335 /* Products */ = {
			isa = PBXGroup;
			children = (
				020AA7AE2A015F7C001B1335 /* FolderBackupApp.app */,
				020AA7BF2A015F7E001B1335 /* FolderBackupAppTests.xctest */,
				020AA7C92A015F7E001B1335 /* FolderBackupAppUITests.xctest */,
			);
			name = Products;
			sourceTree = "<group>";
		};
		020AA7B02A015F7C001B1335 /* FolderBackupApp */ = {
			isa = PBXGroup;
			children = (
				020AA7B12A015F7C001B1335 /* FolderBackupAppApp.swift */,
				020AA7B32A015F7C001B1335 /* ContentView.swift */,
				027899EC2A0205B700D16CAC /* info.plist */,
				020AA7B52A015F7E001B1335 /* Assets.xcassets */,
				020AA7BA2A015F7E001B1335 /* FolderBackupApp.entitlements */,
				020AA7B72A015F7E001B1335 /* Preview Content */,
			);
			path = FolderBackupApp;
			sourceTree = "<group>";
		};
		020AA7B72A015F7E001B1335 /* Preview Content */ = {
			isa = PBXGroup;
			children = (
				020AA7B82A015F7E001B1335 /* Preview Assets.xcassets */,
			);
			path = "Preview Content";
			sourceTree = "<group>";
		};
		020AA7C22A015F7E001B1335 /* FolderBackupAppTests */ = {
			isa = PBXGroup;
			children = (
				020AA7C32A015F7E001B1335 /* FolderBackupAppTests.swift */,
			);
			path = FolderBackupAppTests;
			sourceTree = "<group>";
		};
		020AA7CC2A015F7E001B1335 /* FolderBackupAppUITests */ = {
			isa = PBXGroup;
			children = (
				020AA7CD2A015F7E001B1335 /* FolderBackupAppUITests.swift */,
				020AA7CF2A015F7E001B1335 /* FolderBackupAppUITestsLaunchTests.swift */,
			);
			path = FolderBackupAppUITests;
			sourceTree = "<group>";
		};
/* End PBXGroup section */

/* Begin PBXNativeTarget section */
		020AA7AD2A015F7C001B1335 /* FolderBackupApp */ = {
			isa = PBXNativeTarget;
			buildConfigurationList = 020AA7D32A015F7E001B1335 /* Build configuration list for PBXNativeTarget "FolderBackupApp" */;
			buildPhases = (
				020AA7AA2A015F7C001B1335 /* Sources */,
				020AA7AB2A015F7C001B1335 /* Frameworks */,
				020AA7AC2A015F7C001B1335 /* Resources */,
			);
			buildRules = (
			);
			dependencies = (
			);
			name = FolderBackupApp;
			packageProductDependencies = (
				020AA7DD2A0161A0001B1335 /* ZIPFoundation */,
			);
			productName = FolderBackupApp;
			productReference = 020AA7AE2A015F7C001B1335 /* FolderBackupApp.app */;
			productType = "com.apple.product-type.application";
		};
		020AA7BE2A015F7E001B1335 /* FolderBackupAppTests */ = {
			isa = PBXNativeTarget;
			buildConfigurationList = 020AA7D62A015F7E001B1335 /* Build configuration list for PBXNativeTarget "FolderBackupAppTests" */;
			buildPhases = (
				020AA7BB2A015F7E001B1335 /* Sources */,
				020AA7BC2A015F7E001B1335 /* Frameworks */,
				020AA7BD2A015F7E001B1335 /* Resources */,
			);
			buildRules = (
			);
			dependencies = (
				020AA7C12A015F7E001B1335 /* PBXTargetDependency */,
			);
			name = FolderBackupAppTests;
			productName = FolderBackupAppTests;
			productReference = 020AA7BF2A015F7E001B1335 /* FolderBackupAppTests.xctest */;
			productType = "com.apple.product-type.bundle.unit-test";
		};
		020AA7C82A015F7E001B1335 /* FolderBackupAppUITests */ = {
			isa = PBXNativeTarget;
			buildConfigurationList = 020AA7D92A015F7E001B1335 /* Build configuration list for PBXNativeTarget "FolderBackupAppUITests" */;
			buildPhases = (
				020AA7C52A015F7E001B1335 /* Sources */,
				020AA7C62A015F7E001B1335 /* Frameworks */,
				020AA7C72A015F7E001B1335 /* Resources */,
			);
			buildRules = (
			);
			dependencies = (
				020AA7CB2A015F7E001B1335 /* PBXTargetDependency */,
			);
			name = FolderBackupAppUITests;
			productName = FolderBackupAppUITests;
			productReference = 020AA7C92A015F7E001B1335 /* FolderBackupAppUITests.xctest */;
			productType = "com.apple.product-type.bundle.ui-testing";
		};
/* End PBXNativeTarget section */

/* Begin PBXProject section */
		020AA7A62A015F7C001B1335 /* Project object */ = {
			isa = PBXProject;
			attributes = {
				BuildIndependentTargetsInParallel = 1;
				LastSwiftUpdateCheck = 1430;
				LastUpgradeCheck = 1430;
				TargetAttributes = {
					020AA7AD2A015F7C001B1335 = {
						CreatedOnToolsVersion = 14.3;
					};
					020AA7BE2A015F7E001B1335 = {
						CreatedOnToolsVersion = 14.3;
						TestTargetID = 020AA7AD2A015F7C001B1335;
					};
					020AA7C82A015F7E001B1335 = {
						CreatedOnToolsVersion = 14.3;
						TestTargetID = 020AA7AD2A015F7C001B1335;
					};
				};
			};
			buildConfigurationList = 020AA7A92A015F7C001B1335 /* Build configuration list for PBXProject "FolderBackupApp" */;
			compatibilityVersion = "Xcode 14.0";
			developmentRegion = en;
			hasScannedForEncodings = 0;
			knownRegions = (
				en,
				Base,
			);
			mainGroup = 020AA7A52A015F7C001B1335;
			packageReferences = (
				020AA7DC2A0161A0001B1335 /* XCRemoteSwiftPackageReference "ZIPFoundation" */,
			);
			productRefGroup = 020AA7AF2A015F7C001B1335 /* Products */;
			projectDirPath = "";
			projectRoot = "";
			targets = (
				020AA7AD2A015F7C001B1335 /* FolderBackupApp */,
				020AA7BE2A015F7E001B1335 /* FolderBackupAppTests */,
				020AA7C82A015F7E001B1335 /* FolderBackupAppUITests */,
			);
		};
/* End PBXProject section */

/* Begin PBXResourcesBuildPhase section */
		020AA7AC2A015F7C001B1335 /* Resources */ = {
			isa = PBXResourcesBuildPhase;
			buildActionMask = 2147483647;
			files = (
				020AA7B92A015F7E001B1335 /* Preview Assets.xcassets in Resources */,
				020AA7B62A015F7E001B1335 /* Assets.xcassets in Resources */,
				027899ED2A0205B700D16CAC /* info.plist in Resources */,
			);
			runOnlyForDeploymentPostprocessing = 0;
		};
		020AA7BD2A015F7E001B1335 /* Resources */ = {
			isa = PBXResourcesBuildPhase;
			buildActionMask = 2147483647;
			files = (
			);
			runOnlyForDeploymentPostprocessing = 0;
		};
		020AA7C72A015F7E001B1335 /* Resources */ = {
			isa = PBXResourcesBuildPhase;
			buildActionMask = 2147483647;
			files = (
			);
			runOnlyForDeploymentPostprocessing = 0;
		};
/* End PBXResourcesBuildPhase section */

/* Begin PBXSourcesBuildPhase section */
		020AA7AA2A015F7C001B1335 /* Sources */ = {
			isa = PBXSourcesBuildPhase;
			buildActionMask = 2147483647;
			files = (
				020AA7B42A015F7C001B1335 /* ContentView.swift in Sources */,
				020AA7B22A015F7C001B1335 /* FolderBackupAppApp.swift in Sources */,
			);
			runOnlyForDeploymentPostprocessing = 0;
		};
		020AA7BB2A015F7E001B1335 /* Sources */ = {
			isa = PBXSourcesBuildPhase;
			buildActionMask = 2147483647;
			files = (
				020AA7C42A015F7E001B1335 /* FolderBackupAppTests.swift in Sources */,
			);
			runOnlyForDeploymentPostprocessing = 0;
		};
		020AA7C52A015F7E001B1335 /* Sources */ = {
			isa = PBXSourcesBuildPhase;
			buildActionMask = 2147483647;
			files = (
				020AA7D02A015F7E001B1335 /* FolderBackupAppUITestsLaunchTests.swift in Sources */,
				020AA7CE2A015F7E001B1335 /* FolderBackupAppUITests.swift in Sources */,
			);
			runOnlyForDeploymentPostprocessing = 0;
		};
/* End PBXSourcesBuildPhase section */

/* Begin PBXTargetDependency section */
		020AA7C12A015F7E001B1335 /* PBXTargetDependency */ = {
			isa = PBXTargetDependency;
			target = 020AA7AD2A015F7C001B1335 /* FolderBackupApp */;
			targetProxy = 020AA7C02A015F7E001B1335 /* PBXContainerItemProxy */;
		};
		020AA7CB2A015F7E001B1335 /* PBXTargetDependency */ = {
			isa = PBXTargetDependency;
			target = 020AA7AD2A015F7C001B1335 /* FolderBackupApp */;
			targetProxy = 020AA7CA2A015F7E001B1335 /* PBXContainerItemProxy */;
		};
/* End PBXTargetDependency section */

/* Begin XCBuildConfiguration section */
		020AA7D12A015F7E001B1335 /* Debug */ = {
			isa = XCBuildConfiguration;
			buildSettings = {
				ALWAYS_SEARCH_USER_PATHS = NO;
				CLANG_ANALYZER_NONNULL = YES;
				CLANG_ANALYZER_NUMBER_OBJECT_CONVERSION = YES_AGGRESSIVE;
				CLANG_CXX_LANGUAGE_STANDARD = "gnu++20";
				CLANG_ENABLE_MODULES = YES;
				CLANG_ENABLE_OBJC_ARC = YES;
				CLANG_ENABLE_OBJC_WEAK = YES;
				CLANG_WARN_BLOCK_CAPTURE_AUTORELEASING = YES;
				CLANG_WARN_BOOL_CONVERSION = YES;
				CLANG_WARN_COMMA = YES;
				CLANG_WARN_CONSTANT_CONVERSION = YES;
				CLANG_WARN_DEPRECATED_OBJC_IMPLEMENTATIONS = YES;
				CLANG_WARN_DIRECT_OBJC_ISA_USAGE = YES_ERROR;
				CLANG_WARN_DOCUMENTATION_COMMENTS = YES;
				CLANG_WARN_EMPTY_BODY = YES;
				CLANG_WARN_ENUM_CONVERSION = YES;
				CLANG_WARN_INFINITE_RECURSION = YES;
				CLANG_WARN_INT_CONVERSION = YES;
				CLANG_WARN_NON_LITERAL_NULL_CONVERSION = YES;
				CLANG_WARN_OBJC_IMPLICIT_RETAIN_SELF = YES;
				CLANG_WARN_OBJC_LITERAL_CONVERSION = YES;
				CLANG_WARN_OBJC_ROOT_CLASS = YES_ERROR;
				CLANG_WARN_QUOTED_INCLUDE_IN_FRAMEWORK_HEADER = YES;
				CLANG_WARN_RANGE_LOOP_ANALYSIS = YES;
				CLANG_WARN_STRICT_PROTOTYPES = YES;
				CLANG_WARN_SUSPICIOUS_MOVE = YES;
				CLANG_WARN_UNGUARDED_AVAILABILITY = YES_AGGRESSIVE;
				CLANG_WARN_UNREACHABLE_CODE = YES;
				CLANG_WARN__DUPLICATE_METHOD_MATCH = YES;
				COPY_PHASE_STRIP = NO;
				DEBUG_INFORMATION_FORMAT = dwarf;
				ENABLE_STRICT_OBJC_MSGSEND = YES;
				ENABLE_TESTABILITY = YES;
				GCC_C_LANGUAGE_STANDARD = gnu11;
				GCC_DYNAMIC_NO_PIC = NO;
				GCC_NO_COMMON_BLOCKS = YES;
				GCC_OPTIMIZATION_LEVEL = 0;
				GCC_PREPROCESSOR_DEFINITIONS = (
					"DEBUG=1",
					"$(inherited)",
				);
				GCC_WARN_64_TO_32_BIT_CONVERSION = YES;
				GCC_WARN_ABOUT_RETURN_TYPE = YES_ERROR;
				GCC_WARN_UNDECLARED_SELECTOR = YES;
				GCC_WARN_UNINITIALIZED_AUTOS = YES_AGGRESSIVE;
				GCC_WARN_UNUSED_FUNCTION = YES;
				GCC_WARN_UNUSED_VARIABLE = YES;
				INFOPLIST_FILE = "$(SRCROOT)/FolderBackupApp/Info.plist";
				MACOSX_DEPLOYMENT_TARGET = 13.3;
				MTL_ENABLE_DEBUG_INFO = INCLUDE_SOURCE;
				MTL_FAST_MATH = YES;
				ONLY_ACTIVE_ARCH = YES;
				SDKROOT = macosx;
				SWIFT_ACTIVE_COMPILATION_CONDITIONS = DEBUG;
				SWIFT_OPTIMIZATION_LEVEL = "-Onone";
			};
			name = Debug;
		};
		020AA7D22A015F7E001B1335 /* Release */ = {
			isa = XCBuildConfiguration;
			buildSettings = {
				ALWAYS_SEARCH_USER_PATHS = NO;
				CLANG_ANALYZER_NONNULL = YES;
				CLANG_ANALYZER_NUMBER_OBJECT_CONVERSION = YES_AGGRESSIVE;
				CLANG_CXX_LANGUAGE_STANDARD = "gnu++20";
				CLANG_ENABLE_MODULES = YES;
				CLANG_ENABLE_OBJC_ARC = YES;
				CLANG_ENABLE_OBJC_WEAK = YES;
				CLANG_WARN_BLOCK_CAPTURE_AUTORELEASING = YES;
				CLANG_WARN_BOOL_CONVERSION = YES;
				CLANG_WARN_COMMA = YES;
				CLANG_WARN_CONSTANT_CONVERSION = YES;
				CLANG_WARN_DEPRECATED_OBJC_IMPLEMENTATIONS = YES;
				CLANG_WARN_DIRECT_OBJC_ISA_USAGE = YES_ERROR;
				CLANG_WARN_DOCUMENTATION_COMMENTS = YES;
				CLANG_WARN_EMPTY_BODY = YES;
				CLANG_WARN_ENUM_CONVERSION = YES;
				CLANG_WARN_INFINITE_RECURSION = YES;
				CLANG_WARN_INT_CONVERSION = YES;
				CLANG_WARN_NON_LITERAL_NULL_CONVERSION = YES;
				CLANG_WARN_OBJC_IMPLICIT_RETAIN_SELF = YES;
				CLANG_WARN_OBJC_LITERAL_CONVERSION = YES;
				CLANG_WARN_OBJC_ROOT_CLASS = YES_ERROR;
				CLANG_WARN_QUOTED_INCLUDE_IN_FRAMEWORK_HEADER = YES;
				CLANG_WARN_RANGE_LOOP_ANALYSIS = YES;
				CLANG_WARN_STRICT_PROTOTYPES = YES;
				CLANG_WARN_SUSPICIOUS_MOVE = YES;
				CLANG_WARN_UNGUARDED_AVAILABILITY = YES_AGGRESSIVE;
				CLANG_WARN_UNREACHABLE_CODE = YES;
				CLANG_WARN__DUPLICATE_METHOD_MATCH = YES;
				COPY_PHASE_STRIP = NO;
				DEBUG_INFORMATION_FORMAT = "dwarf-with-dsym";
				ENABLE_NS_ASSERTIONS = NO;
				ENABLE_STRICT_OBJC_MSGSEND = YES;
				GCC_C_LANGUAGE_STANDARD = gnu11;
				GCC_NO_COMMON_BLOCKS = YES;
				GCC_WARN_64_TO_32_BIT_CONVERSION = YES;
				GCC_WARN_ABOUT_RETURN_TYPE = YES_ERROR;
				GCC_WARN_UNDECLARED_SELECTOR = YES;
				GCC_WARN_UNINITIALIZED_AUTOS = YES_AGGRESSIVE;
				GCC_WARN_UNUSED_FUNCTION = YES;
				GCC_WARN_UNUSED_VARIABLE = YES;
				INFOPLIST_FILE = "$(SRCROOT)/FolderBackupApp/Info.plist";
				MACOSX_DEPLOYMENT_TARGET = 13.3;
				MTL_ENABLE_DEBUG_INFO = NO;
				MTL_FAST_MATH = YES;
				SDKROOT = macosx;
				SWIFT_COMPILATION_MODE = wholemodule;
				SWIFT_OPTIMIZATION_LEVEL = "-O";
			};
			name = Release;
		};
		020AA7D42A015F7E001B1335 /* Debug */ = {
			isa = XCBuildConfiguration;
			buildSettings = {
				ASSETCATALOG_COMPILER_APPICON_NAME = AppIcon;
				ASSETCATALOG_COMPILER_GLOBAL_ACCENT_COLOR_NAME = AccentColor;
				CODE_SIGN_ENTITLEMENTS = FolderBackupApp/FolderBackupApp.entitlements;
				CODE_SIGN_STYLE = Automatic;
				COMBINE_HIDPI_IMAGES = YES;
				CURRENT_PROJECT_VERSION = 1;
				DEVELOPMENT_ASSET_PATHS = "\"FolderBackupApp/Preview Content\"";
				DEVELOPMENT_TEAM = WF7GVSY893;
				ENABLE_HARDENED_RUNTIME = YES;
				ENABLE_PREVIEWS = YES;
				GENERATE_INFOPLIST_FILE = YES;
				INFOPLIST_KEY_NSHumanReadableCopyright = "";
				LD_RUNPATH_SEARCH_PATHS = (
					"$(inherited)",
					"@executable_path/../Frameworks",
				);
				MARKETING_VERSION = 1.0;
				PRODUCT_BUNDLE_IDENTIFIER = ArellenChen.FolderBackupApp;
				PRODUCT_NAME = "$(TARGET_NAME)";
				SWIFT_EMIT_LOC_STRINGS = YES;
				SWIFT_VERSION = 5.0;
			};
			name = Debug;
		};
		020AA7D52A015F7E001B1335 /* Release */ = {
			isa = XCBuildConfiguration;
			buildSettings = {
				ASSETCATALOG_COMPILER_APPICON_NAME = AppIcon;
				ASSETCATALOG_COMPILER_GLOBAL_ACCENT_COLOR_NAME = AccentColor;
				CODE_SIGN_ENTITLEMENTS = FolderBackupApp/FolderBackupApp.entitlements;
				CODE_SIGN_STYLE = Automatic;
				COMBINE_HIDPI_IMAGES = YES;
				CURRENT_PROJECT_VERSION = 1;
				DEVELOPMENT_ASSET_PATHS = "\"FolderBackupApp/Preview Content\"";
				DEVELOPMENT_TEAM = WF7GVSY893;
				ENABLE_HARDENED_RUNTIME = YES;
				ENABLE_PREVIEWS = YES;
				GENERATE_INFOPLIST_FILE = YES;
				INFOPLIST_KEY_NSHumanReadableCopyright = "";
				LD_RUNPATH_SEARCH_PATHS = (
					"$(inherited)",
					"@executable_path/../Frameworks",
				);
				MARKETING_VERSION = 1.0;
				PRODUCT_BUNDLE_IDENTIFIER = ArellenChen.FolderBackupApp;
				PRODUCT_NAME = "$(TARGET_NAME)";
				SWIFT_EMIT_LOC_STRINGS = YES;
				SWIFT_VERSION = 5.0;
			};
			name = Release;
		};
		020AA7D72A015F7E001B1335 /* Debug */ = {
			isa = XCBuildConfiguration;
			buildSettings = {
				ALWAYS_EMBED_SWIFT_STANDARD_LIBRARIES = YES;
				BUNDLE_LOADER = "$(TEST_HOST)";
				CODE_SIGN_STYLE = Automatic;
				CURRENT_PROJECT_VERSION = 1;
				DEVELOPMENT_TEAM = WF7GVSY893;
				GENERATE_INFOPLIST_FILE = YES;
				MACOSX_DEPLOYMENT_TARGET = 13.3;
				MARKETING_VERSION = 1.0;
				PRODUCT_BUNDLE_IDENTIFIER = ArellenChen.FolderBackupAppTests;
				PRODUCT_NAME = "$(TARGET_NAME)";
				SWIFT_EMIT_LOC_STRINGS = NO;
				SWIFT_VERSION = 5.0;
				TEST_HOST = "$(BUILT_PRODUCTS_DIR)/FolderBackupApp.app/$(BUNDLE_EXECUTABLE_FOLDER_PATH)/FolderBackupApp";
			};
			name = Debug;
		};
		020AA7D82A015F7E001B1335 /* Release */ = {
			isa = XCBuildConfiguration;
			buildSettings = {
				ALWAYS_EMBED_SWIFT_STANDARD_LIBRARIES = YES;
				BUNDLE_LOADER = "$(TEST_HOST)";
				CODE_SIGN_STYLE = Automatic;
				CURRENT_PROJECT_VERSION = 1;
				DEVELOPMENT_TEAM = WF7GVSY893;
				GENERATE_INFOPLIST_FILE = YES;
				MACOSX_DEPLOYMENT_TARGET = 13.3;
				MARKETING_VERSION = 1.0;
				PRODUCT_BUNDLE_IDENTIFIER = ArellenChen.FolderBackupAppTests;
				PRODUCT_NAME = "$(TARGET_NAME)";
				SWIFT_EMIT_LOC_STRINGS = NO;
				SWIFT_VERSION = 5.0;
				TEST_HOST = "$(BUILT_PRODUCTS_DIR)/FolderBackupApp.app/$(BUNDLE_EXECUTABLE_FOLDER_PATH)/FolderBackupApp";
			};
			name = Release;
		};
		020AA7DA2A015F7E001B1335 /* Debug */ = {
			isa = XCBuildConfiguration;
			buildSettings = {
				ALWAYS_EMBED_SWIFT_STANDARD_LIBRARIES = YES;
				CODE_SIGN_STYLE = Automatic;
				CURRENT_PROJECT_VERSION = 1;
				DEVELOPMENT_TEAM = WF7GVSY893;
				GENERATE_INFOPLIST_FILE = YES;
				MARKETING_VERSION = 1.0;
				PRODUCT_BUNDLE_IDENTIFIER = ArellenChen.FolderBackupAppUITests;
				PRODUCT_NAME = "$(TARGET_NAME)";
				SWIFT_EMIT_LOC_STRINGS = NO;
				SWIFT_VERSION = 5.0;
				TEST_TARGET_NAME = FolderBackupApp;
			};
			name = Debug;
		};
		020AA7DB2A015F7E001B1335 /* Release */ = {
			isa = XCBuildConfiguration;
			buildSettings = {
				ALWAYS_EMBED_SWIFT_STANDARD_LIBRARIES = YES;
				CODE_SIGN_STYLE = Automatic;
				CURRENT_PROJECT_VERSION = 1;
				DEVELOPMENT_TEAM = WF7GVSY893;
				GENERATE_INFOPLIST_FILE = YES;
				MARKETING_VERSION = 1.0;
				PRODUCT_BUNDLE_IDENTIFIER = ArellenChen.FolderBackupAppUITests;
				PRODUCT_NAME = "$(TARGET_NAME)";
				SWIFT_EMIT_LOC_STRINGS = NO;
				SWIFT_VERSION = 5.0;
				TEST_TARGET_NAME = FolderBackupApp;
			};
			name = Release;
		};
/* End XCBuildConfiguration section */

/* Begin XCConfigurationList section */
		020AA7A92A015F7C001B1335 /* Build configuration list for PBXProject "FolderBackupApp" */ = {
			isa = XCConfigurationList;
			buildConfigurations = (
				020AA7D12A015F7E001B1335 /* Debug */,
				020AA7D22A015F7E001B1335 /* Release */,
			);
			defaultConfigurationIsVisible = 0;
			defaultConfigurationName = Release;
		};
		020AA7D32A015F7E001B1335 /* Build configuration list for PBXNativeTarget "FolderBackupApp" */ = {
			isa = XCConfigurationList;
			buildConfigurations = (
				020AA7D42A015F7E001B1335 /* Debug */,
				020AA7D52A015F7E001B1335 /* Release */,
			);
			defaultConfigurationIsVisible = 0;
			defaultConfigurationName = Release;
		};
		020AA7D62A015F7E001B1335 /* Build configuration list for PBXNativeTarget "FolderBackupAppTests" */ = {
			isa = XCConfigurationList;
			buildConfigurations = (
				020AA7D72A015F7E001B1335 /* Debug */,
				020AA7D82A015F7E001B1335 /* Release */,
			);
			defaultConfigurationIsVisible = 0;
			defaultConfigurationName = Release;
		};
		020AA7D92A015F7E001B1335 /* Build configuration list for PBXNativeTarget "FolderBackupAppUITests" */ = {
			isa = XCConfigurationList;
			buildConfigurations = (
				020AA7DA2A015F7E001B1335 /* Debug */,
				020AA7DB2A015F7E001B1335 /* Release */,
			);
			defaultConfigurationIsVisible = 0;
			defaultConfigurationName = Release;
		};
/* End XCConfigurationList section */

/* Begin XCRemoteSwiftPackageReference section */
		020AA7DC2A0161A0001B1335 /* XCRemoteSwiftPackageReference "ZIPFoundation" */ = {
			isa = XCRemoteSwiftPackageReference;
			repositoryURL = "https://github.com/weichsel/ZIPFoundation";
			requirement = {
				kind = upToNextMajorVersion;
				minimumVersion = 0.9.16;
			};
		};
/* End XCRemoteSwiftPackageReference section */

/* Begin XCSwiftPackageProductDependency section */
		020AA7DD2A0161A0001B1335 /* ZIPFoundation */ = {
			isa = XCSwiftPackageProductDependency;
			package = 020AA7DC2A0161A0001B1335 /* XCRemoteSwiftPackageReference "ZIPFoundation" */;
			productName = ZIPFoundation;
		};
/* End XCSwiftPackageProductDependency section */
	};
	rootObject = 020AA7A62A015F7C001B1335 /* Project object */;
}
